# This file is generated by running "yarn install" inside your project.
# Manual changes might be lost - proceed with caution!

__metadata:
  version: 8
  cacheKey: 10c0

"commander@npm:^11.0.0":
  version: 11.1.0
  resolution: "commander@npm:11.1.0"
  checksum: 13cc6ac875e48780250f723fb81c1c1178d35c5decb1abb1b628b3177af08a8554e76b2c0f29de72d69eef7c864d12613272a71fabef8047922bc622ab75a179
  languageName: node
  linkType: hard

"crosswalk-client-main@workspace:src/client-main":
  version: 0.0.0-use.local
  resolution: "crosswalk-client-main@workspace:src/client-main"
  dependencies:
    crosswalk-client: "workspace:^"
    npmluau: "npm:^0.1.0"
  languageName: unknown
  linkType: soft

"crosswalk-client@workspace:^, crosswalk-client@workspace:src/client-loader":
  version: 0.0.0-use.local
  resolution: "crosswalk-client@workspace:src/client-loader"
  dependencies:
    crosswalk-common: "workspace:^"
    crosswalk-test-utils: "workspace:^"
    npmluau: "npm:^0.1.0"
  languageName: unknown
  linkType: soft

"crosswalk-common@workspace:^, crosswalk-common@workspace:src/common":
  version: 0.0.0-use.local
  resolution: "crosswalk-common@workspace:src/common"
  dependencies:
    npmluau: "npm:^0.1.0"
  languageName: unknown
  linkType: soft

"crosswalk-server-main@workspace:src/server-main":
  version: 0.0.0-use.local
  resolution: "crosswalk-server-main@workspace:src/server-main"
  dependencies:
    crosswalk-server: "workspace:^"
    npmluau: "npm:^0.1.0"
  languageName: unknown
  linkType: soft

"crosswalk-server@workspace:^, crosswalk-server@workspace:src/server-loader":
  version: 0.0.0-use.local
  resolution: "crosswalk-server@workspace:src/server-loader"
  dependencies:
    crosswalk-common: "workspace:^"
    npmluau: "npm:^0.1.0"
  languageName: unknown
  linkType: soft

"crosswalk-test-utils@workspace:^, crosswalk-test-utils@workspace:src/test-utils":
  version: 0.0.0-use.local
  resolution: "crosswalk-test-utils@workspace:src/test-utils"
  dependencies:
    crosswalk-common: "workspace:^"
    npmluau: "npm:^0.1.0"
  languageName: unknown
  linkType: soft

"npmluau@npm:^0.1.0":
  version: 0.1.0
  resolution: "npmluau@npm:0.1.0"
  dependencies:
    commander: "npm:^11.0.0"
    walkdir: "npm:^0.4.1"
  bin:
    npmluau: main.js
  checksum: 19baf2a57ef8854d42b52cfcec3fd793413be07aa3e9d08b08011f422896750d6a7209884f7b047a1c4328602cd002d434d878a00501a78abd41c88c4dfd4d6e
  languageName: node
  linkType: hard

"walkdir@npm:^0.4.1":
  version: 0.4.1
  resolution: "walkdir@npm:0.4.1"
  checksum: 88e635aa9303e9196e4dc15013d2bd4afca4c8c8b4bb27722ca042bad213bb882d3b9141b3b0cca6bfb274f7889b30cf58d6374844094abec0016f335c5414dc
  languageName: node
  linkType: hard

"workspace@workspace:.":
  version: 0.0.0-use.local
  resolution: "workspace@workspace:."
  dependencies:
    npmluau: "npm:^0.1.0"
  languageName: unknown
  linkType: soft
